Microsoft Visual Studio Solution File, Format Version 11.00
# Visual Studio 2008

Project("{E9766EC3-479B-852E-76F2-5D28B9D034D5}") = "StakeHolderMapping - Copy", "Assembly-CSharp-firstpass-vs.csproj", "{0D9DB17F-31BC-BBEB-807A-6947F03C6A7B}"
EndProject
Project("{E9766EC3-479B-852E-76F2-5D28B9D034D5}") = "StakeHolderMapping - Copy", "Assembly-CSharp-vs.csproj", "{BA84BA31-45AA-B602-D61F-8B6DFD5E9C9F}"
EndProject
Project("{E9766EC3-479B-852E-76F2-5D28B9D034D5}") = "StakeHolderMapping - Copy", "Assembly-CSharp-Editor-firstpass-vs.csproj", "{FD5EF856-377B-CBD3-6517-94AF12325780}"
EndProject
Project("{E9766EC3-479B-852E-76F2-5D28B9D034D5}") = "StakeHolderMapping - Copy", "Assembly-CSharp-Editor-vs.csproj", "{1C3A5616-265B-6775-1953-E39708D602A5}"
EndProject
Global
	GlobalSection(SolutionConfigurationPlatforms) = preSolution
		Debug|Any CPU = Debug|Any CPU
		Release|Any CPU = Release|Any CPU
	EndGlobalSection
	GlobalSection(ProjectConfigurationPlatforms) = postSolution
		{0D9DB17F-31BC-BBEB-807A-6947F03C6A7B}.Debug|Any CPU.ActiveCfg = Debug|Any CPU
		{0D9DB17F-31BC-BBEB-807A-6947F03C6A7B}.Debug|Any CPU.Build.0 = Debug|Any CPU
		{0D9DB17F-31BC-BBEB-807A-6947F03C6A7B}.Release|Any CPU.ActiveCfg = Release|Any CPU
		{0D9DB17F-31BC-BBEB-807A-6947F03C6A7B}.Release|Any CPU.Build.0 = Release|Any CPU
		{BA84BA31-45AA-B602-D61F-8B6DFD5E9C9F}.Debug|Any CPU.ActiveCfg = Debug|Any CPU
		{BA84BA31-45AA-B602-D61F-8B6DFD5E9C9F}.Debug|Any CPU.Build.0 = Debug|Any CPU
		{BA84BA31-45AA-B602-D61F-8B6DFD5E9C9F}.Release|Any CPU.ActiveCfg = Release|Any CPU
		{BA84BA31-45AA-B602-D61F-8B6DFD5E9C9F}.Release|Any CPU.Build.0 = Release|Any CPU
		{FD5EF856-377B-CBD3-6517-94AF12325780}.Debug|Any CPU.ActiveCfg = Debug|Any CPU
		{FD5EF856-377B-CBD3-6517-94AF12325780}.Debug|Any CPU.Build.0 = Debug|Any CPU
		{FD5EF856-377B-CBD3-6517-94AF12325780}.Release|Any CPU.ActiveCfg = Release|Any CPU
		{FD5EF856-377B-CBD3-6517-94AF12325780}.Release|Any CPU.Build.0 = Release|Any CPU
		{1C3A5616-265B-6775-1953-E39708D602A5}.Debug|Any CPU.ActiveCfg = Debug|Any CPU
		{1C3A5616-265B-6775-1953-E39708D602A5}.Debug|Any CPU.Build.0 = Debug|Any CPU
		{1C3A5616-265B-6775-1953-E39708D602A5}.Release|Any CPU.ActiveCfg = Release|Any CPU
		{1C3A5616-265B-6775-1953-E39708D602A5}.Release|Any CPU.Build.0 = Release|Any CPU
	EndGlobalSection
	GlobalSection(SolutionProperties) = preSolution
		HideSolutionNode = FALSE
	EndGlobalSection
																																									GlobalSection(MonoDevelopProperties) = preSolution
		StartupItem = Assembly-CSharp.csproj
		Policies = $0
		$0.TextStylePolicy = $1
		$1.inheritsSet = null
		$1.scope = text/x-csharp
		$0.CSharpFormattingPolicy = $2
		$2.inheritsSet = Mono
		$2.inheritsScope = text/x-csharp
		$2.scope = text/x-csharp
		$0.TextStylePolicy = $3
		$3.FileWidth = 120
		$3.TabWidth = 4
		$3.EolMarker = Unix
		$3.inheritsSet = Mono
		$3.inheritsScope = text/plain
		$3.scope = text/plain
	EndGlobalSection

EndGlobal
