
Microsoft Visual Studio Solution File, Format Version 12.00
# Visual Studio 2012
Project("{FAE04EC0-301F-11D3-BF4B-00C04F79EFBC}") = "UnityVS.StakeHolder Mapping from tom.CSharp.Plugins", "UnityVS.StakeHolder Mapping from tom.CSharp.Plugins.csproj", "{16EB2406-3965-2D13-CF4C-DB2DC5C0FD3A}"
EndProject
Project("{FAE04EC0-301F-11D3-BF4B-00C04F79EFBC}") = "UnityVS.StakeHolder Mapping from tom.CSharp", "UnityVS.StakeHolder Mapping from tom.CSharp.csproj", "{141D7755-71E2-B998-C050-894CE50991CD}"
EndProject
Project("{FAE04EC0-301F-11D3-BF4B-00C04F79EFBC}") = "UnityVS.StakeHolder Mapping from tom.CSharp.Editor", "UnityVS.StakeHolder Mapping from tom.CSharp.Editor.csproj", "{C936081E-B5E4-EA4A-675D-E7FCD3AB2C24}"
EndProject
Project("{FAE04EC0-301F-11D3-BF4B-00C04F79EFBC}") = "UnityVS.StakeHolder Mapping from tom.CSharp.Editor.Plugins", "UnityVS.StakeHolder Mapping from tom.CSharp.Editor.Plugins.csproj", "{F869DD57-66B0-A6BC-F2F5-EDE0F0611704}"
EndProject
Global
	GlobalSection(SolutionConfigurationPlatforms) = preSolution
		Debug|Any CPU = Debug|Any CPU
		Release|Any CPU = Release|Any CPU
	EndGlobalSection
	GlobalSection(ProjectConfigurationPlatforms) = postSolution
		{16EB2406-3965-2D13-CF4C-DB2DC5C0FD3A}.Debug|Any CPU.ActiveCfg = Debug|Any CPU
		{16EB2406-3965-2D13-CF4C-DB2DC5C0FD3A}.Debug|Any CPU.Build.0 = Debug|Any CPU
		{16EB2406-3965-2D13-CF4C-DB2DC5C0FD3A}.Release|Any CPU.ActiveCfg = Release|Any CPU
		{16EB2406-3965-2D13-CF4C-DB2DC5C0FD3A}.Release|Any CPU.Build.0 = Release|Any CPU
		{141D7755-71E2-B998-C050-894CE50991CD}.Debug|Any CPU.ActiveCfg = Debug|Any CPU
		{141D7755-71E2-B998-C050-894CE50991CD}.Debug|Any CPU.Build.0 = Debug|Any CPU
		{141D7755-71E2-B998-C050-894CE50991CD}.Release|Any CPU.ActiveCfg = Release|Any CPU
		{141D7755-71E2-B998-C050-894CE50991CD}.Release|Any CPU.Build.0 = Release|Any CPU
		{C936081E-B5E4-EA4A-675D-E7FCD3AB2C24}.Debug|Any CPU.ActiveCfg = Debug|Any CPU
		{C936081E-B5E4-EA4A-675D-E7FCD3AB2C24}.Debug|Any CPU.Build.0 = Debug|Any CPU
		{C936081E-B5E4-EA4A-675D-E7FCD3AB2C24}.Release|Any CPU.ActiveCfg = Release|Any CPU
		{C936081E-B5E4-EA4A-675D-E7FCD3AB2C24}.Release|Any CPU.Build.0 = Release|Any CPU
		{F869DD57-66B0-A6BC-F2F5-EDE0F0611704}.Debug|Any CPU.ActiveCfg = Debug|Any CPU
		{F869DD57-66B0-A6BC-F2F5-EDE0F0611704}.Debug|Any CPU.Build.0 = Debug|Any CPU
		{F869DD57-66B0-A6BC-F2F5-EDE0F0611704}.Release|Any CPU.ActiveCfg = Release|Any CPU
		{F869DD57-66B0-A6BC-F2F5-EDE0F0611704}.Release|Any CPU.Build.0 = Release|Any CPU
	EndGlobalSection
	GlobalSection(SolutionProperties) = preSolution
		HideSolutionNode = FALSE
	EndGlobalSection
EndGlobal
